
Microsoft Visual Studio Solution File, Format Version 12.00
# Visual Studio 15
VisualStudioVersion = 15.0.28307.757
MinimumVisualStudioVersion = 10.0.40219.1
Project("{FAE04EC0-301F-11D3-BF4B-00C04F79EFBC}") = "RawReader", "RawReader\RawReader.csproj", "{06692F02-816C-4884-8B99-8DCF0E3D17AA}"
EndProject
Global
	GlobalSection(SolutionConfigurationPlatforms) = preSolution
		Debug|Any CPU = Debug|Any CPU
		Release|Any CPU = Release|Any CPU
	EndGlobalSection
	GlobalSection(ProjectConfigurationPlatforms) = postSolution
		{06692F02-816C-4884-8B99-8DCF0E3D17AA}.Debug|Any CPU.ActiveCfg = Debug|Any CPU
		{06692F02-816C-4884-8B99-8DCF0E3D17AA}.Debug|Any CPU.Build.0 = Debug|Any CPU
		{06692F02-816C-4884-8B99-8DCF0E3D17AA}.Release|Any CPU.ActiveCfg = Release|Any CPU
		{06692F02-816C-4884-8B99-8DCF0E3D17AA}.Release|Any CPU.Build.0 = Release|Any CPU
	EndGlobalSection
	GlobalSection(SolutionProperties) = preSolution
		HideSolutionNode = FALSE
	EndGlobalSection
	GlobalSection(ExtensibilityGlobals) = postSolution
		SolutionGuid = {4842A073-E26B-4E06-91A3-1A449329CFDC}
	EndGlobalSection
EndGlobal
